{
  "name": "@aldinh777/reactive-utils",
  "version": "0.1.13",
  "lockfileVersion": 2,
  "requires": true,
  "packages": {
    "": {
      "name": "@aldinh777/reactive-utils",
      "version": "0.1.13",
      "license": "ISC",
      "dependencies": {
        "@aldinh777/reactive": "^0.28.6",
        "@aldinh777/toolbox": "^1.0.1"
      },
      "devDependencies": {
        "typescript": "^4.9.5"
      }
    },
    "node_modules/@aldinh777/reactive": {
      "version": "0.28.6",
      "resolved": "https://registry.npmjs.org/@aldinh777/reactive/-/reactive-0.28.6.tgz",
      "integrity": "sha512-fGJPtvIp3QLyLWkvy8EhCYdOIgbJ8zIUHYRTtqbUJb1+H4qOaAk3jzoZO6Xm9oQxLucRpk0V1MN8aIMiRqBkjQ==",
      "dependencies": {
        "@aldinh777/toolbox": "^1.0.0"
      }
    },
    "node_modules/@aldinh777/toolbox": {
      "version": "1.0.1",
      "resolved": "https://registry.npmjs.org/@aldinh777/toolbox/-/toolbox-1.0.1.tgz",
      "integrity": "sha512-UzNzBCC+m+FZDLQVkocbxx5foCoTXN+fvfnqGG5gSSedeO1TtGYVQlJOJKszIGLP/aG+1/Xe1kS9XZ9ak2Kr/Q=="
    },
    "node_modules/typescript": {
      "version": "4.9.5",
      "resolved": "https://registry.npmjs.org/typescript/-/typescript-4.9.5.tgz",
      "integrity": "sha512-1FXk9E2Hm+QzZQ7z+McJiHL4NW1F2EzMu9Nq9i3zAaGqibafqYwCVU6WyWAuyQRRzOlxou8xZSyXLEN8oKj24g==",
      "dev": true,
      "bin": {
        "tsc": "bin/tsc",
        "tsserver": "bin/tsserver"
      },
      "engines": {
        "node": ">=4.2.0"
      }
    }
  },
  "dependencies": {
    "@aldinh777/reactive": {
      "version": "0.28.6",
      "resolved": "https://registry.npmjs.org/@aldinh777/reactive/-/reactive-0.28.6.tgz",
      "integrity": "sha512-fGJPtvIp3QLyLWkvy8EhCYdOIgbJ8zIUHYRTtqbUJb1+H4qOaAk3jzoZO6Xm9oQxLucRpk0V1MN8aIMiRqBkjQ==",
      "requires": {
        "@aldinh777/toolbox": "^1.0.0"
      }
    },
    "@aldinh777/toolbox": {
      "version": "1.0.1",
      "resolved": "https://registry.npmjs.org/@aldinh777/toolbox/-/toolbox-1.0.1.tgz",
      "integrity": "sha512-UzNzBCC+m+FZDLQVkocbxx5foCoTXN+fvfnqGG5gSSedeO1TtGYVQlJOJKszIGLP/aG+1/Xe1kS9XZ9ak2Kr/Q=="
    },
    "typescript": {
      "version": "4.9.5",
      "resolved": "https://registry.npmjs.org/typescript/-/typescript-4.9.5.tgz",
      "integrity": "sha512-1FXk9E2Hm+QzZQ7z+McJiHL4NW1F2EzMu9Nq9i3zAaGqibafqYwCVU6WyWAuyQRRzOlxou8xZSyXLEN8oKj24g==",
      "dev": true
    }
  }
}
