{
  "name": "@aldinh777/reactive-utils",
  "version": "0.1.16",
  "lockfileVersion": 2,
  "requires": true,
  "packages": {
    "": {
      "name": "@aldinh777/reactive-utils",
      "version": "0.1.16",
      "license": "ISC",
      "dependencies": {
        "@aldinh777/reactive": "^0.28.9",
        "@aldinh777/toolbox": "^1.1.1"
      },
      "devDependencies": {
        "typescript": "^4.9.5"
      }
    },
    "node_modules/@aldinh777/reactive": {
      "version": "0.28.9",
      "resolved": "https://registry.npmjs.org/@aldinh777/reactive/-/reactive-0.28.9.tgz",
      "integrity": "sha512-Q08/9DvPua7gRvlDwUlqwDsuZeerosTm4+yssI6jqZ75sqIRsQ5B2j2N5gtnfIj3BzGgBCwnBsSwZD6nWVQrvw==",
      "dependencies": {
        "@aldinh777/toolbox": "^1.1.1"
      }
    },
    "node_modules/@aldinh777/toolbox": {
      "version": "1.1.1",
      "resolved": "https://registry.npmjs.org/@aldinh777/toolbox/-/toolbox-1.1.1.tgz",
      "integrity": "sha512-fFaFNmwnahqpCZtHaGv4wrmlpjmIAxM/R2Wr+mkGkrdzOUa76aBwriYdrzb5zKrTMGGdituYs2MWroj1I1zU2Q=="
    },
    "node_modules/typescript": {
      "version": "4.9.5",
      "resolved": "https://registry.npmjs.org/typescript/-/typescript-4.9.5.tgz",
      "integrity": "sha512-1FXk9E2Hm+QzZQ7z+McJiHL4NW1F2EzMu9Nq9i3zAaGqibafqYwCVU6WyWAuyQRRzOlxou8xZSyXLEN8oKj24g==",
      "dev": true,
      "bin": {
        "tsc": "bin/tsc",
        "tsserver": "bin/tsserver"
      },
      "engines": {
        "node": ">=4.2.0"
      }
    }
  },
  "dependencies": {
    "@aldinh777/reactive": {
      "version": "0.28.9",
      "resolved": "https://registry.npmjs.org/@aldinh777/reactive/-/reactive-0.28.9.tgz",
      "integrity": "sha512-Q08/9DvPua7gRvlDwUlqwDsuZeerosTm4+yssI6jqZ75sqIRsQ5B2j2N5gtnfIj3BzGgBCwnBsSwZD6nWVQrvw==",
      "requires": {
        "@aldinh777/toolbox": "^1.1.1"
      }
    },
    "@aldinh777/toolbox": {
      "version": "1.1.1",
      "resolved": "https://registry.npmjs.org/@aldinh777/toolbox/-/toolbox-1.1.1.tgz",
      "integrity": "sha512-fFaFNmwnahqpCZtHaGv4wrmlpjmIAxM/R2Wr+mkGkrdzOUa76aBwriYdrzb5zKrTMGGdituYs2MWroj1I1zU2Q=="
    },
    "typescript": {
      "version": "4.9.5",
      "resolved": "https://registry.npmjs.org/typescript/-/typescript-4.9.5.tgz",
      "integrity": "sha512-1FXk9E2Hm+QzZQ7z+McJiHL4NW1F2EzMu9Nq9i3zAaGqibafqYwCVU6WyWAuyQRRzOlxou8xZSyXLEN8oKj24g==",
      "dev": true
    }
  }
}
